
Microsoft Visual Studio Solution File, Format Version 12.00
# Visual Studio Version 16
VisualStudioVersion = 16.0.31702.278
MinimumVisualStudioVersion = 10.0.40219.1
Project("{FAE04EC0-301F-11D3-BF4B-00C04F79EFBC}") = "Lab4.4v", "Lab4.4v\Lab4.4v.csproj", "{D23677E9-FA39-473A-B7AC-D0BBF6282874}"
EndProject
Global
	GlobalSection(SolutionConfigurationPlatforms) = preSolution
		Debug|Any CPU = Debug|Any CPU
		Release|Any CPU = Release|Any CPU
	EndGlobalSection
	GlobalSection(ProjectConfigurationPlatforms) = postSolution
		{D23677E9-FA39-473A-B7AC-D0BBF6282874}.Debug|Any CPU.ActiveCfg = Debug|Any CPU
		{D23677E9-FA39-473A-B7AC-D0BBF6282874}.Debug|Any CPU.Build.0 = Debug|Any CPU
		{D23677E9-FA39-473A-B7AC-D0BBF6282874}.Release|Any CPU.ActiveCfg = Release|Any CPU
		{D23677E9-FA39-473A-B7AC-D0BBF6282874}.Release|Any CPU.Build.0 = Release|Any CPU
	EndGlobalSection
	GlobalSection(SolutionProperties) = preSolution
		HideSolutionNode = FALSE
	EndGlobalSection
	GlobalSection(ExtensibilityGlobals) = postSolution
		SolutionGuid = {981BC32A-C549-4352-B2E9-A3AA267B7D5D}
	EndGlobalSection
EndGlobal
